{
  "version": 1,
  "dependencies": {
    "net10.0": {
      "Copper68k": {
        "type": "Direct",
        "requested": "[1.4.1-boundary.1, 1.4.1-boundary.1]",
        "resolved": "1.4.1-boundary.1",
        "contentHash": "T84A885LnwAcj1EFeAYzA5j1TdxDNbL1DcLIHoZriNyQWh04XqeHlnJV49p8Aj3ejFZGcm0cXbSjBroceN+kdw==",
        "dependencies": {
          "CopperFloat": "[1.0.0]"
        }
      },
      "CopperFloat": {
        "type": "Transitive",
        "resolved": "1.0.0",
        "contentHash": "3JsCmXbubyK694it2nOL9KDp0LMVRp0VTBIf6e1ZFJ98Q59CAEBtLm+CF8tNgYmfMWkMQYPfGh9AJ9cFhaS2Rw=="
      },
      "copperdisk": {
        "type": "Project"
      }
    }
  }
}