{
  "version": 1,
  "dependencies": {
    "net10.0": {
      "Copper68k": {
        "type": "Direct",
        "requested": "[1.4.1-trace.1, 1.4.1-trace.1]",
        "resolved": "1.4.1-trace.1",
        "contentHash": "gbpLM8WUlqnqFlDB1VNMUcVY7UYJgVZFy//tE1oj8ltfWwdNyxZk+c5ctqX4rr/bQZTh0iiLoNQnK52/Jw5bCQ==",
        "dependencies": {
          "CopperFloat": "[1.0.0]"
        }
      },
      "CopperFloat": {
        "type": "Transitive",
        "resolved": "1.0.0",
        "contentHash": "3JsCmXbubyK694it2nOL9KDp0LMVRp0VTBIf6e1ZFJ98Q59CAEBtLm+CF8tNgYmfMWkMQYPfGh9AJ9cFhaS2Rw=="
      },
      "copperdisk": {
        "type": "Project"
      }
    }
  }
}