{
  "version": 1,
  "dependencies": {
    "net10.0": {
      "Copper68k": {
        "type": "Direct",
        "requested": "[1.5.3, 1.5.3]",
        "resolved": "1.5.3",
        "contentHash": "6fih4cf+u9nqmFxeFD23nH3XFmuJiWwCZ41WXRR7odcn/x48+O7KzBlo2/78kiH2jpViMHMe1Q4LUSCp847b7w==",
        "dependencies": {
          "CopperFloat": "[1.0.0]"
        }
      },
      "CopperFloat": {
        "type": "Transitive",
        "resolved": "1.0.0",
        "contentHash": "3JsCmXbubyK694it2nOL9KDp0LMVRp0VTBIf6e1ZFJ98Q59CAEBtLm+CF8tNgYmfMWkMQYPfGh9AJ9cFhaS2Rw=="
      },
      "copperdisk": {
        "type": "Project"
      },
      "coppermod.amiga.lightweight": {
        "type": "Project",
        "dependencies": {
          "Copper68k": "[1.5.3, 1.5.3]",
          "CopperDisk": "[3.0.0, )"
        }
      }
    }
  }
}